
Microsoft Visual Studio Solution File, Format Version 12.00
# Visual Studio Version 17
VisualStudioVersion = 17.8.34511.84
MinimumVisualStudioVersion = 10.0.40219.1
Project("{9A19103F-16F7-4668-BE54-9A1E7A4F7556}") = "CV.Website", "CV.Website\CV.Website.csproj", "{7D66EDBF-651F-4EAF-8B55-56FE2BD6F142}"
EndProject
Project("{9A19103F-16F7-4668-BE54-9A1E7A4F7556}") = "CV.API", "CV.API\CV.API.csproj", "{5787C4DC-1C70-4DE2-AF8F-61A0A1DD66FA}"
EndProject
Project("{9A19103F-16F7-4668-BE54-9A1E7A4F7556}") = "CV.ClassLibrary", "CV.ClassLibrary\CV.ClassLibrary.csproj", "{6EACC0A8-CDA4-4B63-A53A-70DB4263BCBF}"
EndProject
Global
	GlobalSection(SolutionConfigurationPlatforms) = preSolution
		Debug|Any CPU = Debug|Any CPU
		Release|Any CPU = Release|Any CPU
	EndGlobalSection
	GlobalSection(ProjectConfigurationPlatforms) = postSolution
		{7D66EDBF-651F-4EAF-8B55-56FE2BD6F142}.Debug|Any CPU.ActiveCfg = Debug|Any CPU
		{7D66EDBF-651F-4EAF-8B55-56FE2BD6F142}.Debug|Any CPU.Build.0 = Debug|Any CPU
		{7D66EDBF-651F-4EAF-8B55-56FE2BD6F142}.Release|Any CPU.ActiveCfg = Release|Any CPU
		{7D66EDBF-651F-4EAF-8B55-56FE2BD6F142}.Release|Any CPU.Build.0 = Release|Any CPU
		{5787C4DC-1C70-4DE2-AF8F-61A0A1DD66FA}.Debug|Any CPU.ActiveCfg = Debug|Any CPU
		{5787C4DC-1C70-4DE2-AF8F-61A0A1DD66FA}.Debug|Any CPU.Build.0 = Debug|Any CPU
		{5787C4DC-1C70-4DE2-AF8F-61A0A1DD66FA}.Release|Any CPU.ActiveCfg = Release|Any CPU
		{5787C4DC-1C70-4DE2-AF8F-61A0A1DD66FA}.Release|Any CPU.Build.0 = Release|Any CPU
		{6EACC0A8-CDA4-4B63-A53A-70DB4263BCBF}.Debug|Any CPU.ActiveCfg = Debug|Any CPU
		{6EACC0A8-CDA4-4B63-A53A-70DB4263BCBF}.Debug|Any CPU.Build.0 = Debug|Any CPU
		{6EACC0A8-CDA4-4B63-A53A-70DB4263BCBF}.Release|Any CPU.ActiveCfg = Release|Any CPU
		{6EACC0A8-CDA4-4B63-A53A-70DB4263BCBF}.Release|Any CPU.Build.0 = Release|Any CPU
	EndGlobalSection
	GlobalSection(SolutionProperties) = preSolution
		HideSolutionNode = FALSE
	EndGlobalSection
	GlobalSection(ExtensibilityGlobals) = postSolution
		SolutionGuid = {17DA6885-9331-4347-8ED2-6E742244687C}
	EndGlobalSection
EndGlobal
